
Microsoft Visual Studio Solution File, Format Version 12.00
# Visual Studio 15
VisualStudioVersion = 15.0.27004.2002
MinimumVisualStudioVersion = 10.0.40219.1
Project("{FAE04EC0-301F-11D3-BF4B-00C04F79EFBC}") = "HOT", "HOT\HOT.csproj", "{3E9F8468-71D6-420D-ABB0-E196D596A114}"
EndProject
Global
	GlobalSection(SolutionConfigurationPlatforms) = preSolution
		Debug|Any CPU = Debug|Any CPU
		Release|Any CPU = Release|Any CPU
	EndGlobalSection
	GlobalSection(ProjectConfigurationPlatforms) = postSolution
		{3E9F8468-71D6-420D-ABB0-E196D596A114}.Debug|Any CPU.ActiveCfg = Debug|Any CPU
		{3E9F8468-71D6-420D-ABB0-E196D596A114}.Debug|Any CPU.Build.0 = Debug|Any CPU
		{3E9F8468-71D6-420D-ABB0-E196D596A114}.Release|Any CPU.ActiveCfg = Release|Any CPU
		{3E9F8468-71D6-420D-ABB0-E196D596A114}.Release|Any CPU.Build.0 = Release|Any CPU
	EndGlobalSection
	GlobalSection(SolutionProperties) = preSolution
		HideSolutionNode = FALSE
	EndGlobalSection
	GlobalSection(ExtensibilityGlobals) = postSolution
		SolutionGuid = {4AA04969-1E26-43F7-9085-1601BE3371F8}
	EndGlobalSection
EndGlobal
